{
    "name": "Photography",
    "version": "1.0.0",
    "lockfileVersion": 1,
    "requires": true,
    "dependencies": {
        "lodash-node": {
            "version": "2.4.1",
            "resolved": "https://registry.npmjs.org/lodash-node/-/lodash-node-2.4.1.tgz",
            "integrity": "sha1-6oL3sQDHM9GkKvdoAeUGEF4qgOw="
        },
        "react-addons": {
            "version": "0.9.1-deprecated",
            "resolved": "https://registry.npmjs.org/react-addons/-/react-addons-0.9.1-deprecated.tgz",
            "integrity": "sha1-JBMYd9hwdsEoj9JWm0thhhTcyvY="
        },
        "react-scrollbars": {
            "version": "0.0.5",
            "resolved": "https://registry.npmjs.org/react-scrollbars/-/react-scrollbars-0.0.5.tgz",
            "integrity": "sha1-SRY6WrXkV+bFJf7dWpQjjjcdquc=",
            "requires": {
                "lodash-node": "2.4.1"
            }
        }
    }
}
